// !$*UTF8*$!
{
	archiveVersion = 1;
	classes = {
	};
	objectVersion = 48;
	objects = {

/* Begin PBXBuildFile section */
		A45754951FE3F8A800603DDC /* AppDelegate.m in Sources */ = {isa = PBXBuildFile; fileRef = A45754941FE3F8A800603DDC /* AppDelegate.m */; };
		A45754981FE3F8A800603DDC /* ViewController.m in Sources */ = {isa = PBXBuildFile; fileRef = A45754971FE3F8A800603DDC /* ViewController.m */; };
		A457549B1FE3F8A800603DDC /* Main.storyboard in Resources */ = {isa = PBXBuildFile; fileRef = A45754991FE3F8A800603DDC /* Main.storyboard */; };
		A457549D1FE3F8A800603DDC /* Assets.xcassets in Resources */ = {isa = PBXBuildFile; fileRef = A457549C1FE3F8A800603DDC /* Assets.xcassets */; };
		A45754A01FE3F8A800603DDC /* LaunchScreen.storyboard in Resources */ = {isa = PBXBuildFile; fileRef = A457549E1FE3F8A800603DDC /* LaunchScreen.storyboard */; };
		A45754A31FE3F8A800603DDC /* main.m in Sources */ = {isa = PBXBuildFile; fileRef = A45754A21FE3F8A800603DDC /* main.m */; };
		A45754AD1FE3F8A800603DDC /* ShutterbugTests.m in Sources */ = {isa = PBXBuildFile; fileRef = A45754AC1FE3F8A800603DDC /* ShutterbugTests.m */; };
		A45754B81FE3F8A800603DDC /* ShutterbugUITests.m in Sources */ = {isa = PBXBuildFile; fileRef = A45754B71FE3F8A800603DDC /* ShutterbugUITests.m */; };
/* End PBXBuildFile section */

/* Begin PBXContainerItemProxy section */
		A45754A91FE3F8A800603DDC /* PBXContainerItemProxy */ = {
			isa = PBXContainerItemProxy;
			containerPortal = A45754881FE3F8A700603DDC /* Project object */;
			proxyType = 1;
			remoteGlobalIDString = A457548F1FE3F8A800603DDC;
			remoteInfo = Shutterbug;
		};
		A45754B41FE3F8A800603DDC /* PBXContainerItemProxy */ = {
			isa = PBXContainerItemProxy;
			containerPortal = A45754881FE3F8A700603DDC /* Project object */;
			proxyType = 1;
			remoteGlobalIDString = A457548F1FE3F8A800603DDC;
			remoteInfo = Shutterbug;
		};
/* End PBXContainerItemProxy section */

/* Begin PBXFileReference section */
		A45754901FE3F8A800603DDC /* Shutterbug.app */ = {isa = PBXFileReference; explicitFileType = wrapper.application; includeInIndex = 0; path = Shutterbug.app; sourceTree = BUILT_PRODUCTS_DIR; };
		A45754931FE3F8A800603DDC /* AppDelegate.h */ = {isa = PBXFileReference; lastKnownFileType = sourcecode.c.h; path = AppDelegate.h; sourceTree = "<group>"; };
		A45754941FE3F8A800603DDC /* AppDelegate.m */ = {isa = PBXFileReference; lastKnownFileType = sourcecode.c.objc; path = AppDelegate.m; sourceTree = "<group>"; };
		A45754961FE3F8A800603DDC /* ViewController.h */ = {isa = PBXFileReference; lastKnownFileType = sourcecode.c.h; path = ViewController.h; sourceTree = "<group>"; };
		A45754971FE3F8A800603DDC /* ViewController.m */ = {isa = PBXFileReference; lastKnownFileType = sourcecode.c.objc; path = ViewController.m; sourceTree = "<group>"; };
		A457549A1FE3F8A800603DDC /* Base */ = {isa = PBXFileReference; lastKnownFileType = file.storyboard; name = Base; path = Base.lproj/Main.storyboard; sourceTree = "<group>"; };
		A457549C1FE3F8A800603DDC /* Assets.xcassets */ = {isa = PBXFileReference; lastKnownFileType = folder.assetcatalog; path = Assets.xcassets; sourceTree = "<group>"; };
		A457549F1FE3F8A800603DDC /* Base */ = {isa = PBXFileReference; lastKnownFileType = file.storyboard; name = Base; path = Base.lproj/LaunchScreen.storyboard; sourceTree = "<group>"; };
		A45754A11FE3F8A800603DDC /* Info.plist */ = {isa = PBXFileReference; lastKnownFileType = text.plist.xml; path = Info.plist; sourceTree = "<group>"; };
		A45754A21FE3F8A800603DDC /* main.m */ = {isa = PBXFileReference; lastKnownFileType = sourcecode.c.objc; path = main.m; sourceTree = "<group>"; };
		A45754A81FE3F8A800603DDC /* ShutterbugTests.xctest */ = {isa = PBXFileReference; explicitFileType = wrapper.cfbundle; includeInIndex = 0; path = ShutterbugTests.xctest; sourceTree = BUILT_PRODUCTS_DIR; };
		A45754AC1FE3F8A800603DDC /* ShutterbugTests.m */ = {isa = PBXFileReference; lastKnownFileType = sourcecode.c.objc; path = ShutterbugTests.m; sourceTree = "<group>"; };
		A45754AE1FE3F8A800603DDC /* Info.plist */ = {isa = PBXFileReference; lastKnownFileType = text.plist.xml; path = Info.plist; sourceTree = "<group>"; };
		A45754B31FE3F8A800603DDC /* ShutterbugUITests.xctest */ = {isa = PBXFileReference; explicitFileType = wrapper.cfbundle; includeInIndex = 0; path = ShutterbugUITests.xctest; sourceTree = BUILT_PRODUCTS_DIR; };
		A45754B71FE3F8A800603DDC /* ShutterbugUITests.m */ = {isa = PBXFileReference; lastKnownFileType = sourcecode.c.objc; path = ShutterbugUITests.m; sourceTree = "<group>"; };
		A45754B91FE3F8A800603DDC /* Info.plist */ = {isa = PBXFileReference; lastKnownFileType = text.plist.xml; path = Info.plist; sourceTree = "<group>"; };
/* End PBXFileReference section */

/* Begin PBXFrameworksBuildPhase section */
		A457548D1FE3F8A800603DDC /* Frameworks */ = {
			isa = PBXFrameworksBuildPhase;
			buildActionMask = 2147483647;
			files = (
			);
			runOnlyForDeploymentPostprocessing = 0;
		};
		A45754A51FE3F8A800603DDC /* Frameworks */ = {
			isa = PBXFrameworksBuildPhase;
			buildActionMask = 2147483647;
			files = (
			);
			runOnlyForDeploymentPostprocessing = 0;
		};
		A45754B01FE3F8A800603DDC /* Frameworks */ = {
			isa = PBXFrameworksBuildPhase;
			buildActionMask = 2147483647;
			files = (
			);
			runOnlyForDeploymentPostprocessing = 0;
		};
/* End PBXFrameworksBuildPhase section */

/* Begin PBXGroup section */
		A45754871FE3F8A700603DDC = {
			isa = PBXGroup;
			children = (
				A45754921FE3F8A800603DDC /* Shutterbug */,
				A45754AB1FE3F8A800603DDC /* ShutterbugTests */,
				A45754B61FE3F8A800603DDC /* ShutterbugUITests */,
				A45754911FE3F8A800603DDC /* Products */,
			);
			sourceTree = "<group>";
		};
		A45754911FE3F8A800603DDC /* Products */ = {
			isa = PBXGroup;
			children = (
				A45754901FE3F8A800603DDC /* Shutterbug.app */,
				A45754A81FE3F8A800603DDC /* ShutterbugTests.xctest */,
				A45754B31FE3F8A800603DDC /* ShutterbugUITests.xctest */,
			);
			name = Products;
			sourceTree = "<group>";
		};
		A45754921FE3F8A800603DDC /* Shutterbug */ = {
			isa = PBXGroup;
			children = (
				A45754931FE3F8A800603DDC /* AppDelegate.h */,
				A45754941FE3F8A800603DDC /* AppDelegate.m */,
				A45754961FE3F8A800603DDC /* ViewController.h */,
				A45754971FE3F8A800603DDC /* ViewController.m */,
				A45754991FE3F8A800603DDC /* Main.storyboard */,
				A457549C1FE3F8A800603DDC /* Assets.xcassets */,
				A457549E1FE3F8A800603DDC /* LaunchScreen.storyboard */,
				A45754A11FE3F8A800603DDC /* Info.plist */,
				A45754A21FE3F8A800603DDC /* main.m */,
			);
			path = Shutterbug;
			sourceTree = "<group>";
		};
		A45754AB1FE3F8A800603DDC /* ShutterbugTests */ = {
			isa = PBXGroup;
			children = (
				A45754AC1FE3F8A800603DDC /* ShutterbugTests.m */,
				A45754AE1FE3F8A800603DDC /* Info.plist */,
			);
			path = ShutterbugTests;
			sourceTree = "<group>";
		};
		A45754B61FE3F8A800603DDC /* ShutterbugUITests */ = {
			isa = PBXGroup;
			children = (
				A45754B71FE3F8A800603DDC /* ShutterbugUITests.m */,
				A45754B91FE3F8A800603DDC /* Info.plist */,
			);
			path = ShutterbugUITests;
			sourceTree = "<group>";
		};
/* End PBXGroup section */

/* Begin PBXNativeTarget section */
		A457548F1FE3F8A800603DDC /* Shutterbug */ = {
			isa = PBXNativeTarget;
			buildConfigurationList = A45754BC1FE3F8A800603DDC /* Build configuration list for PBXNativeTarget "Shutterbug" */;
			buildPhases = (
				A457548C1FE3F8A800603DDC /* Sources */,
				A457548D1FE3F8A800603DDC /* Frameworks */,
				A457548E1FE3F8A800603DDC /* Resources */,
			);
			buildRules = (
			);
			dependencies = (
			);
			name = Shutterbug;
			productName = Shutterbug;
			productReference = A45754901FE3F8A800603DDC /* Shutterbug.app */;
			productType = "com.apple.product-type.application";
		};
		A45754A71FE3F8A800603DDC /* ShutterbugTests */ = {
			isa = PBXNativeTarget;
			buildConfigurationList = A45754BF1FE3F8A800603DDC /* Build configuration list for PBXNativeTarget "ShutterbugTests" */;
			buildPhases = (
				A45754A41FE3F8A800603DDC /* Sources */,
				A45754A51FE3F8A800603DDC /* Frameworks */,
				A45754A61FE3F8A800603DDC /* Resources */,
			);
			buildRules = (
			);
			dependencies = (
				A45754AA1FE3F8A800603DDC /* PBXTargetDependency */,
			);
			name = ShutterbugTests;
			productName = ShutterbugTests;
			productReference = A45754A81FE3F8A800603DDC /* ShutterbugTests.xctest */;
			productType = "com.apple.product-type.bundle.unit-test";
		};
		A45754B21FE3F8A800603DDC /* ShutterbugUITests */ = {
			isa = PBXNativeTarget;
			buildConfigurationList = A45754C21FE3F8A800603DDC /* Build configuration list for PBXNativeTarget "ShutterbugUITests" */;
			buildPhases = (
				A45754AF1FE3F8A800603DDC /* Sources */,
				A45754B01FE3F8A800603DDC /* Frameworks */,
				A45754B11FE3F8A800603DDC /* Resources */,
			);
			buildRules = (
			);
			dependencies = (
				A45754B51FE3F8A800603DDC /* PBXTargetDependency */,
			);
			name = ShutterbugUITests;
			productName = ShutterbugUITests;
			productReference = A45754B31FE3F8A800603DDC /* ShutterbugUITests.xctest */;
			productType = "com.apple.product-type.bundle.ui-testing";
		};
/* End PBXNativeTarget section */

/* Begin PBXProject section */
		A45754881FE3F8A700603DDC /* Project object */ = {
			isa = PBXProject;
			attributes = {
				LastUpgradeCheck = 0910;
				ORGANIZATIONNAME = "Dragota Mircea";
				TargetAttributes = {
					A457548F1FE3F8A800603DDC = {
						CreatedOnToolsVersion = 9.1;
						ProvisioningStyle = Automatic;
					};
					A45754A71FE3F8A800603DDC = {
						CreatedOnToolsVersion = 9.1;
						ProvisioningStyle = Automatic;
						TestTargetID = A457548F1FE3F8A800603DDC;
					};
					A45754B21FE3F8A800603DDC = {
						CreatedOnToolsVersion = 9.1;
						ProvisioningStyle = Automatic;
						TestTargetID = A457548F1FE3F8A800603DDC;
					};
				};
			};
			buildConfigurationList = A457548B1FE3F8A700603DDC /* Build configuration list for PBXProject "Shutterbug" */;
			compatibilityVersion = "Xcode 8.0";
			developmentRegion = en;
			hasScannedForEncodings = 0;
			knownRegions = (
				en,
				Base,
			);
			mainGroup = A45754871FE3F8A700603DDC;
			productRefGroup = A45754911FE3F8A800603DDC /* Products */;
			projectDirPath = "";
			projectRoot = "";
			targets = (
				A457548F1FE3F8A800603DDC /* Shutterbug */,
				A45754A71FE3F8A800603DDC /* ShutterbugTests */,
				A45754B21FE3F8A800603DDC /* ShutterbugUITests */,
			);
		};
/* End PBXProject section */

/* Begin PBXResourcesBuildPhase section */
		A457548E1FE3F8A800603DDC /* Resources */ = {
			isa = PBXResourcesBuildPhase;
			buildActionMask = 2147483647;
			files = (
				A45754A01FE3F8A800603DDC /* LaunchScreen.storyboard in Resources */,
				A457549D1FE3F8A800603DDC /* Assets.xcassets in Resources */,
				A457549B1FE3F8A800603DDC /* Main.storyboard in Resources */,
			);
			runOnlyForDeploymentPostprocessing = 0;
		};
		A45754A61FE3F8A800603DDC /* Resources */ = {
			isa = PBXResourcesBuildPhase;
			buildActionMask = 2147483647;
			files = (
			);
			runOnlyForDeploymentPostprocessing = 0;
		};
		A45754B11FE3F8A800603DDC /* Resources */ = {
			isa = PBXResourcesBuildPhase;
			buildActionMask = 2147483647;
			files = (
			);
			runOnlyForDeploymentPostprocessing = 0;
		};
/* End PBXResourcesBuildPhase section */

/* Begin PBXSourcesBuildPhase section */
		A457548C1FE3F8A800603DDC /* Sources */ = {
			isa = PBXSourcesBuildPhase;
			buildActionMask = 2147483647;
			files = (
				A45754981FE3F8A800603DDC /* ViewController.m in Sources */,
				A45754A31FE3F8A800603DDC /* main.m in Sources */,
				A45754951FE3F8A800603DDC /* AppDelegate.m in Sources */,
			);
			runOnlyForDeploymentPostprocessing = 0;
		};
		A45754A41FE3F8A800603DDC /* Sources */ = {
			isa = PBXSourcesBuildPhase;
			buildActionMask = 2147483647;
			files = (
				A45754AD1FE3F8A800603DDC /* ShutterbugTests.m in Sources */,
			);
			runOnlyForDeploymentPostprocessing = 0;
		};
		A45754AF1FE3F8A800603DDC /* Sources */ = {
			isa = PBXSourcesBuildPhase;
			buildActionMask = 2147483647;
			files = (
				A45754B81FE3F8A800603DDC /* ShutterbugUITests.m in Sources */,
			);
			runOnlyForDeploymentPostprocessing = 0;
		};
/* End PBXSourcesBuildPhase section */

/* Begin PBXTargetDependency section */
		A45754AA1FE3F8A800603DDC /* PBXTargetDependency */ = {
			isa = PBXTargetDependency;
			target = A457548F1FE3F8A800603DDC /* Shutterbug */;
			targetProxy = A45754A91FE3F8A800603DDC /* PBXContainerItemProxy */;
		};
		A45754B51FE3F8A800603DDC /* PBXTargetDependency */ = {
			isa = PBXTargetDependency;
			target = A457548F1FE3F8A800603DDC /* Shutterbug */;
			targetProxy = A45754B41FE3F8A800603DDC /* PBXContainerItemProxy */;
		};
/* End PBXTargetDependency section */

/* Begin PBXVariantGroup section */
		A45754991FE3F8A800603DDC /* Main.storyboard */ = {
			isa = PBXVariantGroup;
			children = (
				A457549A1FE3F8A800603DDC /* Base */,
			);
			name = Main.storyboard;
			sourceTree = "<group>";
		};
		A457549E1FE3F8A800603DDC /* LaunchScreen.storyboard */ = {
			isa = PBXVariantGroup;
			children = (
				A457549F1FE3F8A800603DDC /* Base */,
			);
			name = LaunchScreen.storyboard;
			sourceTree = "<group>";
		};
/* End PBXVariantGroup section */

/* Begin XCBuildConfiguration section */
		A45754BA1FE3F8A800603DDC /* Debug */ = {
			isa = XCBuildConfiguration;
			buildSettings = {
				ALWAYS_SEARCH_USER_PATHS = NO;
				CLANG_ANALYZER_NONNULL = YES;
				CLANG_ANALYZER_NUMBER_OBJECT_CONVERSION = YES_AGGRESSIVE;
				CLANG_CXX_LANGUAGE_STANDARD = "gnu++14";
				CLANG_CXX_LIBRARY = "libc++";
				CLANG_ENABLE_MODULES = YES;
				CLANG_ENABLE_OBJC_ARC = YES;
				CLANG_WARN_BLOCK_CAPTURE_AUTORELEASING = YES;
				CLANG_WARN_BOOL_CONVERSION = YES;
				CLANG_WARN_COMMA = YES;
				CLANG_WARN_CONSTANT_CONVERSION = YES;
				CLANG_WARN_DIRECT_OBJC_ISA_USAGE = YES_ERROR;
				CLANG_WARN_DOCUMENTATION_COMMENTS = YES;
				CLANG_WARN_EMPTY_BODY = YES;
				CLANG_WARN_ENUM_CONVERSION = YES;
				CLANG_WARN_INFINITE_RECURSION = YES;
				CLANG_WARN_INT_CONVERSION = YES;
				CLANG_WARN_NON_LITERAL_NULL_CONVERSION = YES;
				CLANG_WARN_OBJC_LITERAL_CONVERSION = YES;
				CLANG_WARN_OBJC_ROOT_CLASS = YES_ERROR;
				CLANG_WARN_RANGE_LOOP_ANALYSIS = YES;
				CLANG_WARN_STRICT_PROTOTYPES = YES;
				CLANG_WARN_SUSPICIOUS_MOVE = YES;
				CLANG_WARN_UNGUARDED_AVAILABILITY = YES_AGGRESSIVE;
				CLANG_WARN_UNREACHABLE_CODE = YES;
				CLANG_WARN__DUPLICATE_METHOD_MATCH = YES;
				CODE_SIGN_IDENTITY = "iPhone Developer";
				COPY_PHASE_STRIP = NO;
				DEBUG_INFORMATION_FORMAT = dwarf;
				ENABLE_STRICT_OBJC_MSGSEND = YES;
				ENABLE_TESTABILITY = YES;
				GCC_C_LANGUAGE_STANDARD = gnu11;
				GCC_DYNAMIC_NO_PIC = NO;
				GCC_NO_COMMON_BLOCKS = YES;
				GCC_OPTIMIZATION_LEVEL = 0;
				GCC_PREPROCESSOR_DEFINITIONS = (
					"DEBUG=1",
					"$(inherited)",
				);
				GCC_WARN_64_TO_32_BIT_CONVERSION = YES;
				GCC_WARN_ABOUT_RETURN_TYPE = YES_ERROR;
				GCC_WARN_UNDECLARED_SELECTOR = YES;
				GCC_WARN_UNINITIALIZED_AUTOS = YES_AGGRESSIVE;
				GCC_WARN_UNUSED_FUNCTION = YES;
				GCC_WARN_UNUSED_VARIABLE = YES;
				IPHONEOS_DEPLOYMENT_TARGET = 11.1;
				MTL_ENABLE_DEBUG_INFO = YES;
				ONLY_ACTIVE_ARCH = YES;
				SDKROOT = iphoneos;
			};
			name = Debug;
		};
		A45754BB1FE3F8A800603DDC /* Release */ = {
			isa = XCBuildConfiguration;
			buildSettings = {
				ALWAYS_SEARCH_USER_PATHS = NO;
				CLANG_ANALYZER_NONNULL = YES;
				CLANG_ANALYZER_NUMBER_OBJECT_CONVERSION = YES_AGGRESSIVE;
				CLANG_CXX_LANGUAGE_STANDARD = "gnu++14";
				CLANG_CXX_LIBRARY = "libc++";
				CLANG_ENABLE_MODULES = YES;
				CLANG_ENABLE_OBJC_ARC = YES;
				CLANG_WARN_BLOCK_CAPTURE_AUTORELEASING = YES;
				CLANG_WARN_BOOL_CONVERSION = YES;
				CLANG_WARN_COMMA = YES;
				CLANG_WARN_CONSTANT_CONVERSION = YES;
				CLANG_WARN_DIRECT_OBJC_ISA_USAGE = YES_ERROR;
				CLANG_WARN_DOCUMENTATION_COMMENTS = YES;
				CLANG_WARN_EMPTY_BODY = YES;
				CLANG_WARN_ENUM_CONVERSION = YES;
				CLANG_WARN_INFINITE_RECURSION = YES;
				CLANG_WARN_INT_CONVERSION = YES;
				CLANG_WARN_NON_LITERAL_NULL_CONVERSION = YES;
				CLANG_WARN_OBJC_LITERAL_CONVERSION = YES;
				CLANG_WARN_OBJC_ROOT_CLASS = YES_ERROR;
				CLANG_WARN_RANGE_LOOP_ANALYSIS = YES;
				CLANG_WARN_STRICT_PROTOTYPES = YES;
				CLANG_WARN_SUSPICIOUS_MOVE = YES;
				CLANG_WARN_UNGUARDED_AVAILABILITY = YES_AGGRESSIVE;
				CLANG_WARN_UNREACHABLE_CODE = YES;
				CLANG_WARN__DUPLICATE_METHOD_MATCH = YES;
				CODE_SIGN_IDENTITY = "iPhone Developer";
				COPY_PHASE_STRIP = NO;
				DEBUG_INFORMATION_FORMAT = "dwarf-with-dsym";
				ENABLE_NS_ASSERTIONS = NO;
				ENABLE_STRICT_OBJC_MSGSEND = YES;
				GCC_C_LANGUAGE_STANDARD = gnu11;
				GCC_NO_COMMON_BLOCKS = YES;
				GCC_WARN_64_TO_32_BIT_CONVERSION = YES;
				GCC_WARN_ABOUT_RETURN_TYPE = YES_ERROR;
				GCC_WARN_UNDECLARED_SELECTOR = YES;
				GCC_WARN_UNINITIALIZED_AUTOS = YES_AGGRESSIVE;
				GCC_WARN_UNUSED_FUNCTION = YES;
				GCC_WARN_UNUSED_VARIABLE = YES;
				IPHONEOS_DEPLOYMENT_TARGET = 11.1;
				MTL_ENABLE_DEBUG_INFO = NO;
				SDKROOT = iphoneos;
				VALIDATE_PRODUCT = YES;
			};
			name = Release;
		};
		A45754BD1FE3F8A800603DDC /* Debug */ = {
			isa = XCBuildConfiguration;
			buildSettings = {
				ASSETCATALOG_COMPILER_APPICON_NAME = AppIcon;
				CODE_SIGN_STYLE = Automatic;
				DEVELOPMENT_TEAM = CDZA42UB8C;
				INFOPLIST_FILE = Shutterbug/Info.plist;
				LD_RUNPATH_SEARCH_PATHS = "$(inherited) @executable_path/Frameworks";
				PRODUCT_BUNDLE_IDENTIFIER = X2mobile.Shutterbug;
				PRODUCT_NAME = "$(TARGET_NAME)";
				TARGETED_DEVICE_FAMILY = "1,2";
			};
			name = Debug;
		};
		A45754BE1FE3F8A800603DDC /* Release */ = {
			isa = XCBuildConfiguration;
			buildSettings = {
				ASSETCATALOG_COMPILER_APPICON_NAME = AppIcon;
				CODE_SIGN_STYLE = Automatic;
				DEVELOPMENT_TEAM = CDZA42UB8C;
				INFOPLIST_FILE = Shutterbug/Info.plist;
				LD_RUNPATH_SEARCH_PATHS = "$(inherited) @executable_path/Frameworks";
				PRODUCT_BUNDLE_IDENTIFIER = X2mobile.Shutterbug;
				PRODUCT_NAME = "$(TARGET_NAME)";
				TARGETED_DEVICE_FAMILY = "1,2";
			};
			name = Release;
		};
		A45754C01FE3F8A800603DDC /* Debug */ = {
			isa = XCBuildConfiguration;
			buildSettings = {
				BUNDLE_LOADER = "$(TEST_HOST)";
				CODE_SIGN_STYLE = Automatic;
				DEVELOPMENT_TEAM = CDZA42UB8C;
				INFOPLIST_FILE = ShutterbugTests/Info.plist;
				LD_RUNPATH_SEARCH_PATHS = "$(inherited) @executable_path/Frameworks @loader_path/Frameworks";
				PRODUCT_BUNDLE_IDENTIFIER = X2mobile.ShutterbugTests;
				PRODUCT_NAME = "$(TARGET_NAME)";
				TARGETED_DEVICE_FAMILY = "1,2";
				TEST_HOST = "$(BUILT_PRODUCTS_DIR)/Shutterbug.app/Shutterbug";
			};
			name = Debug;
		};
		A45754C11FE3F8A800603DDC /* Release */ = {
			isa = XCBuildConfiguration;
			buildSettings = {
				BUNDLE_LOADER = "$(TEST_HOST)";
				CODE_SIGN_STYLE = Automatic;
				DEVELOPMENT_TEAM = CDZA42UB8C;
				INFOPLIST_FILE = ShutterbugTests/Info.plist;
				LD_RUNPATH_SEARCH_PATHS = "$(inherited) @executable_path/Frameworks @loader_path/Frameworks";
				PRODUCT_BUNDLE_IDENTIFIER = X2mobile.ShutterbugTests;
				PRODUCT_NAME = "$(TARGET_NAME)";
				TARGETED_DEVICE_FAMILY = "1,2";
				TEST_HOST = "$(BUILT_PRODUCTS_DIR)/Shutterbug.app/Shutterbug";
			};
			name = Release;
		};
		A45754C31FE3F8A800603DDC /* Debug */ = {
			isa = XCBuildConfiguration;
			buildSettings = {
				CODE_SIGN_STYLE = Automatic;
				DEVELOPMENT_TEAM = CDZA42UB8C;
				INFOPLIST_FILE = ShutterbugUITests/Info.plist;
				LD_RUNPATH_SEARCH_PATHS = "$(inherited) @executable_path/Frameworks @loader_path/Frameworks";
				PRODUCT_BUNDLE_IDENTIFIER = X2mobile.ShutterbugUITests;
				PRODUCT_NAME = "$(TARGET_NAME)";
				TARGETED_DEVICE_FAMILY = "1,2";
				TEST_TARGET_NAME = Shutterbug;
			};
			name = Debug;
		};
		A45754C41FE3F8A800603DDC /* Release */ = {
			isa = XCBuildConfiguration;
			buildSettings = {
				CODE_SIGN_STYLE = Automatic;
				DEVELOPMENT_TEAM = CDZA42UB8C;
				INFOPLIST_FILE = ShutterbugUITests/Info.plist;
				LD_RUNPATH_SEARCH_PATHS = "$(inherited) @executable_path/Frameworks @loader_path/Frameworks";
				PRODUCT_BUNDLE_IDENTIFIER = X2mobile.ShutterbugUITests;
				PRODUCT_NAME = "$(TARGET_NAME)";
				TARGETED_DEVICE_FAMILY = "1,2";
				TEST_TARGET_NAME = Shutterbug;
			};
			name = Release;
		};
/* End XCBuildConfiguration section */

/* Begin XCConfigurationList section */
		A457548B1FE3F8A700603DDC /* Build configuration list for PBXProject "Shutterbug" */ = {
			isa = XCConfigurationList;
			buildConfigurations = (
				A45754BA1FE3F8A800603DDC /* Debug */,
				A45754BB1FE3F8A800603DDC /* Release */,
			);
			defaultConfigurationIsVisible = 0;
			defaultConfigurationName = Release;
		};
		A45754BC1FE3F8A800603DDC /* Build configuration list for PBXNativeTarget "Shutterbug" */ = {
			isa = XCConfigurationList;
			buildConfigurations = (
				A45754BD1FE3F8A800603DDC /* Debug */,
				A45754BE1FE3F8A800603DDC /* Release */,
			);
			defaultConfigurationIsVisible = 0;
			defaultConfigurationName = Release;
		};
		A45754BF1FE3F8A800603DDC /* Build configuration list for PBXNativeTarget "ShutterbugTests" */ = {
			isa = XCConfigurationList;
			buildConfigurations = (
				A45754C01FE3F8A800603DDC /* Debug */,
				A45754C11FE3F8A800603DDC /* Release */,
			);
			defaultConfigurationIsVisible = 0;
			defaultConfigurationName = Release;
		};
		A45754C21FE3F8A800603DDC /* Build configuration list for PBXNativeTarget "ShutterbugUITests" */ = {
			isa = XCConfigurationList;
			buildConfigurations = (
				A45754C31FE3F8A800603DDC /* Debug */,
				A45754C41FE3F8A800603DDC /* Release */,
			);
			defaultConfigurationIsVisible = 0;
			defaultConfigurationName = Release;
		};
/* End XCConfigurationList section */
	};
	rootObject = A45754881FE3F8A700603DDC /* Project object */;
}
